
Microsoft Visual Studio Solution File, Format Version 12.00
# Visual Studio Version 17
VisualStudioVersion = 17.5.33502.453
MinimumVisualStudioVersion = 10.0.40219.1
Project("{FAE04EC0-301F-11D3-BF4B-00C04F79EFBC}") = "{sol_9th-5}", "{sol_9th-5}.csproj", "{78175B90-C431-4227-99C0-1B8FF8C00BC8}"
EndProject
Global
	GlobalSection(SolutionConfigurationPlatforms) = preSolution
		Debug|Any CPU = Debug|Any CPU
		Release|Any CPU = Release|Any CPU
	EndGlobalSection
	GlobalSection(ProjectConfigurationPlatforms) = postSolution
		{78175B90-C431-4227-99C0-1B8FF8C00BC8}.Debug|Any CPU.ActiveCfg = Debug|Any CPU
		{78175B90-C431-4227-99C0-1B8FF8C00BC8}.Debug|Any CPU.Build.0 = Debug|Any CPU
		{78175B90-C431-4227-99C0-1B8FF8C00BC8}.Release|Any CPU.ActiveCfg = Release|Any CPU
		{78175B90-C431-4227-99C0-1B8FF8C00BC8}.Release|Any CPU.Build.0 = Release|Any CPU
	EndGlobalSection
	GlobalSection(SolutionProperties) = preSolution
		HideSolutionNode = FALSE
	EndGlobalSection
	GlobalSection(ExtensibilityGlobals) = postSolution
		SolutionGuid = {17C8F1FC-B1FE-4BE8-984A-409CF9E74DA5}
	EndGlobalSection
EndGlobal
