
Microsoft Visual Studio Solution File, Format Version 12.00
# Visual Studio Version 17
VisualStudioVersion = 17.5.33502.453
MinimumVisualStudioVersion = 10.0.40219.1
Project("{FAE04EC0-301F-11D3-BF4B-00C04F79EFBC}") = "{sol_9th-1}", "{sol_9th-1}.csproj", "{55252732-BC7B-4198-974F-4A9A1F5D6132}"
EndProject
Global
	GlobalSection(SolutionConfigurationPlatforms) = preSolution
		Debug|Any CPU = Debug|Any CPU
		Release|Any CPU = Release|Any CPU
	EndGlobalSection
	GlobalSection(ProjectConfigurationPlatforms) = postSolution
		{55252732-BC7B-4198-974F-4A9A1F5D6132}.Debug|Any CPU.ActiveCfg = Debug|Any CPU
		{55252732-BC7B-4198-974F-4A9A1F5D6132}.Debug|Any CPU.Build.0 = Debug|Any CPU
		{55252732-BC7B-4198-974F-4A9A1F5D6132}.Release|Any CPU.ActiveCfg = Release|Any CPU
		{55252732-BC7B-4198-974F-4A9A1F5D6132}.Release|Any CPU.Build.0 = Release|Any CPU
	EndGlobalSection
	GlobalSection(SolutionProperties) = preSolution
		HideSolutionNode = FALSE
	EndGlobalSection
	GlobalSection(ExtensibilityGlobals) = postSolution
		SolutionGuid = {E6B16081-A592-4EDF-AFEC-A444325A5656}
	EndGlobalSection
EndGlobal
