
Microsoft Visual Studio Solution File, Format Version 12.00
# Visual Studio Version 17
VisualStudioVersion = 17.5.33502.453
MinimumVisualStudioVersion = 10.0.40219.1
Project("{FAE04EC0-301F-11D3-BF4B-00C04F79EFBC}") = "{sol_10th-1}", "{sol_10th-1}.csproj", "{742A8E82-D24C-4C56-9052-F7147E8037C1}"
EndProject
Global
	GlobalSection(SolutionConfigurationPlatforms) = preSolution
		Debug|Any CPU = Debug|Any CPU
		Release|Any CPU = Release|Any CPU
	EndGlobalSection
	GlobalSection(ProjectConfigurationPlatforms) = postSolution
		{742A8E82-D24C-4C56-9052-F7147E8037C1}.Debug|Any CPU.ActiveCfg = Debug|Any CPU
		{742A8E82-D24C-4C56-9052-F7147E8037C1}.Debug|Any CPU.Build.0 = Debug|Any CPU
		{742A8E82-D24C-4C56-9052-F7147E8037C1}.Release|Any CPU.ActiveCfg = Release|Any CPU
		{742A8E82-D24C-4C56-9052-F7147E8037C1}.Release|Any CPU.Build.0 = Release|Any CPU
	EndGlobalSection
	GlobalSection(SolutionProperties) = preSolution
		HideSolutionNode = FALSE
	EndGlobalSection
	GlobalSection(ExtensibilityGlobals) = postSolution
		SolutionGuid = {92D0FE6C-A520-4781-9666-7802BB00B417}
	EndGlobalSection
EndGlobal
