
Microsoft Visual Studio Solution File, Format Version 12.00
# Visual Studio Version 17
VisualStudioVersion = 17.5.33502.453
MinimumVisualStudioVersion = 10.0.40219.1
Project("{FAE04EC0-301F-11D3-BF4B-00C04F79EFBC}") = "{sol_10th-5}", "{sol_10th-5}.csproj", "{DA84B386-7AF4-465F-9919-D09AA67A5036}"
EndProject
Global
	GlobalSection(SolutionConfigurationPlatforms) = preSolution
		Debug|Any CPU = Debug|Any CPU
		Release|Any CPU = Release|Any CPU
	EndGlobalSection
	GlobalSection(ProjectConfigurationPlatforms) = postSolution
		{DA84B386-7AF4-465F-9919-D09AA67A5036}.Debug|Any CPU.ActiveCfg = Debug|Any CPU
		{DA84B386-7AF4-465F-9919-D09AA67A5036}.Debug|Any CPU.Build.0 = Debug|Any CPU
		{DA84B386-7AF4-465F-9919-D09AA67A5036}.Release|Any CPU.ActiveCfg = Release|Any CPU
		{DA84B386-7AF4-465F-9919-D09AA67A5036}.Release|Any CPU.Build.0 = Release|Any CPU
	EndGlobalSection
	GlobalSection(SolutionProperties) = preSolution
		HideSolutionNode = FALSE
	EndGlobalSection
	GlobalSection(ExtensibilityGlobals) = postSolution
		SolutionGuid = {4CBA32B4-EB65-4098-95AC-4B697F8484C0}
	EndGlobalSection
EndGlobal
