
Microsoft Visual Studio Solution File, Format Version 12.00
# Visual Studio Version 17
VisualStudioVersion = 17.5.33502.453
MinimumVisualStudioVersion = 10.0.40219.1
Project("{FAE04EC0-301F-11D3-BF4B-00C04F79EFBC}") = "{sol_7th-3}", "{sol_7th-3}.csproj", "{B46CB260-ACEB-4676-B357-2A8F7BBEC7C1}"
EndProject
Global
	GlobalSection(SolutionConfigurationPlatforms) = preSolution
		Debug|Any CPU = Debug|Any CPU
		Release|Any CPU = Release|Any CPU
	EndGlobalSection
	GlobalSection(ProjectConfigurationPlatforms) = postSolution
		{B46CB260-ACEB-4676-B357-2A8F7BBEC7C1}.Debug|Any CPU.ActiveCfg = Debug|Any CPU
		{B46CB260-ACEB-4676-B357-2A8F7BBEC7C1}.Debug|Any CPU.Build.0 = Debug|Any CPU
		{B46CB260-ACEB-4676-B357-2A8F7BBEC7C1}.Release|Any CPU.ActiveCfg = Release|Any CPU
		{B46CB260-ACEB-4676-B357-2A8F7BBEC7C1}.Release|Any CPU.Build.0 = Release|Any CPU
	EndGlobalSection
	GlobalSection(SolutionProperties) = preSolution
		HideSolutionNode = FALSE
	EndGlobalSection
	GlobalSection(ExtensibilityGlobals) = postSolution
		SolutionGuid = {9C96F88E-22BF-41C6-95E0-7AEA64D5A0A4}
	EndGlobalSection
EndGlobal
