
Microsoft Visual Studio Solution File, Format Version 12.00
# Visual Studio Version 17
VisualStudioVersion = 17.5.33502.453
MinimumVisualStudioVersion = 10.0.40219.1
Project("{FAE04EC0-301F-11D3-BF4B-00C04F79EFBC}") = "{sol_7th-5}", "{sol_7th-5}.csproj", "{829B3E0E-BCE5-46ED-8F0C-5BC90869965F}"
EndProject
Global
	GlobalSection(SolutionConfigurationPlatforms) = preSolution
		Debug|Any CPU = Debug|Any CPU
		Release|Any CPU = Release|Any CPU
	EndGlobalSection
	GlobalSection(ProjectConfigurationPlatforms) = postSolution
		{829B3E0E-BCE5-46ED-8F0C-5BC90869965F}.Debug|Any CPU.ActiveCfg = Debug|Any CPU
		{829B3E0E-BCE5-46ED-8F0C-5BC90869965F}.Debug|Any CPU.Build.0 = Debug|Any CPU
		{829B3E0E-BCE5-46ED-8F0C-5BC90869965F}.Release|Any CPU.ActiveCfg = Release|Any CPU
		{829B3E0E-BCE5-46ED-8F0C-5BC90869965F}.Release|Any CPU.Build.0 = Release|Any CPU
	EndGlobalSection
	GlobalSection(SolutionProperties) = preSolution
		HideSolutionNode = FALSE
	EndGlobalSection
	GlobalSection(ExtensibilityGlobals) = postSolution
		SolutionGuid = {ED210B94-C9BB-4DB4-8DDB-0525FC2C6137}
	EndGlobalSection
EndGlobal
